{
  "name": "module-3",
  "version": "0.0.7",
  "lockfileVersion": 1,
  "requires": true,
  "dependencies": {
    "consola": {
      "version": "2.6.2",
      "resolved": "http://127.0.0.1:4873/consola/-/consola-2.6.2.tgz",
      "integrity": "sha512-GNJhwvF4bJ8eiAlyB8r4WNM8kBqkl+y4DvMehMbyywoJiv37N0M6/xrKqrrZw/5maZA+UagQV8UZ+XBeuGMzUg=="
    }
  }
}
